PODS:
  - Bolts/Tasks (1.1.5)
  - HexColors (2.2.1)
  - Parse (1.7.4):
    - Bolts/Tasks (>= 1.1.5)
  - ParseUI (1.1.4):
    - Parse (~> 1.7)
  - TSMessages (HEAD based on 0.9.12):
    - HexColors

DEPENDENCIES:
  - Parse (~> 1.7)
  - ParseUI (~> 1.1)
  - TSMessages (HEAD)

SPEC CHECKSUMS:
  Bolts: aac24961496d504aa56fc267cde95162a71bac39
  HexColors: abfd172e329dab59888614ccba6f216cec59289d
  Parse: 6ca512c6e860b66739c95151b2f76ac4712b7842
  ParseUI: d1228541b02a36a7354c8f47747f5f7a89cf1ff0
  TSMessages: 2a52642128d7ab15b46930c810b9c9403a2b58f3

COCOAPODS: 0.37.1
