// !$*UTF8*$!
{
	archiveVersion = 1;
	classes = {
	};
	objectVersion = 46;
	objects = {

/* Begin PBXBuildFile section */
		497CA3411B13BCDB001E053A /* AppDelegate.swift in Sources */ = {isa = PBXBuildFile; fileRef = 497CA3401B13BCDB001E053A /* AppDelegate.swift */; };
		497CA3431B13BCDB001E053A /* ViewController.swift in Sources */ = {isa = PBXBuildFile; fileRef = 497CA3421B13BCDB001E053A /* ViewController.swift */; };
		497CA3461B13BCDB001E053A /* Main.storyboard in Resources */ = {isa = PBXBuildFile; fileRef = 497CA3441B13BCDB001E053A /* Main.storyboard */; };
		497CA3481B13BCDB001E053A /* Images.xcassets in Resources */ = {isa = PBXBuildFile; fileRef = 497CA3471B13BCDB001E053A /* Images.xcassets */; };
		497CA34B1B13BCDB001E053A /* LaunchScreen.xib in Resources */ = {isa = PBXBuildFile; fileRef = 497CA3491B13BCDB001E053A /* LaunchScreen.xib */; };
		497CA3571B13BCDB001E053A /* UsersAulaTests.swift in Sources */ = {isa = PBXBuildFile; fileRef = 497CA3561B13BCDB001E053A /* UsersAulaTests.swift */; };
/* End PBXBuildFile section */

/* Begin PBXContainerItemProxy section */
		497CA3511B13BCDB001E053A /* PBXContainerItemProxy */ = {
			isa = PBXContainerItemProxy;
			containerPortal = 497CA3331B13BCDB001E053A /* Project object */;
			proxyType = 1;
			remoteGlobalIDString = 497CA33A1B13BCDB001E053A;
			remoteInfo = UsersAula;
		};
/* End PBXContainerItemProxy section */

/* Begin PBXFileReference section */
		497CA33B1B13BCDB001E053A /* UsersAula.app */ = {isa = PBXFileReference; explicitFileType = wrapper.application; includeInIndex = 0; path = UsersAula.app; sourceTree = BUILT_PRODUCTS_DIR; };
		497CA33F1B13BCDB001E053A /* Info.plist */ = {isa = PBXFileReference; lastKnownFileType = text.plist.xml; path = Info.plist; sourceTree = "<group>"; };
		497CA3401B13BCDB001E053A /* AppDelegate.swift */ = {isa = PBXFileReference; lastKnownFileType = sourcecode.swift; path = AppDelegate.swift; sourceTree = "<group>"; };
		497CA3421B13BCDB001E053A /* ViewController.swift */ = {isa = PBXFileReference; lastKnownFileType = sourcecode.swift; path = ViewController.swift; sourceTree = "<group>"; };
		497CA3451B13BCDB001E053A /* Base */ = {isa = PBXFileReference; lastKnownFileType = file.storyboard; name = Base; path = Base.lproj/Main.storyboard; sourceTree = "<group>"; };
		497CA3471B13BCDB001E053A /* Images.xcassets */ = {isa = PBXFileReference; lastKnownFileType = folder.assetcatalog; path = Images.xcassets; sourceTree = "<group>"; };
		497CA34A1B13BCDB001E053A /* Base */ = {isa = PBXFileReference; lastKnownFileType = file.xib; name = Base; path = Base.lproj/LaunchScreen.xib; sourceTree = "<group>"; };
		497CA3501B13BCDB001E053A /* UsersAulaTests.xctest */ = {isa = PBXFileReference; explicitFileType = wrapper.cfbundle; includeInIndex = 0; path = UsersAulaTests.xctest; sourceTree = BUILT_PRODUCTS_DIR; };
		497CA3551B13BCDB001E053A /* Info.plist */ = {isa = PBXFileReference; lastKnownFileType = text.plist.xml; path = Info.plist; sourceTree = "<group>"; };
		497CA3561B13BCDB001E053A /* UsersAulaTests.swift */ = {isa = PBXFileReference; lastKnownFileType = sourcecode.swift; path = UsersAulaTests.swift; sourceTree = "<group>"; };
/* End PBXFileReference section */

/* Begin PBXFrameworksBuildPhase section */
		497CA3381B13BCDB001E053A /* Frameworks */ = {
			isa = PBXFrameworksBuildPhase;
			buildActionMask = 2147483647;
			files = (
			);
			runOnlyForDeploymentPostprocessing = 0;
		};
		497CA34D1B13BCDB001E053A /* Frameworks */ = {
			isa = PBXFrameworksBuildPhase;
			buildActionMask = 2147483647;
			files = (
			);
			runOnlyForDeploymentPostprocessing = 0;
		};
/* End PBXFrameworksBuildPhase section */

/* Begin PBXGroup section */
		497CA3321B13BCDB001E053A = {
			isa = PBXGroup;
			children = (
				497CA33D1B13BCDB001E053A /* UsersAula */,
				497CA3531B13BCDB001E053A /* UsersAulaTests */,
				497CA33C1B13BCDB001E053A /* Products */,
			);
			sourceTree = "<group>";
		};
		497CA33C1B13BCDB001E053A /* Products */ = {
			isa = PBXGroup;
			children = (
				497CA33B1B13BCDB001E053A /* UsersAula.app */,
				497CA3501B13BCDB001E053A /* UsersAulaTests.xctest */,
			);
			name = Products;
			sourceTree = "<group>";
		};
		497CA33D1B13BCDB001E053A /* UsersAula */ = {
			isa = PBXGroup;
			children = (
				497CA3401B13BCDB001E053A /* AppDelegate.swift */,
				497CA3421B13BCDB001E053A /* ViewController.swift */,
				497CA3441B13BCDB001E053A /* Main.storyboard */,
				497CA3471B13BCDB001E053A /* Images.xcassets */,
				497CA3491B13BCDB001E053A /* LaunchScreen.xib */,
				497CA33E1B13BCDB001E053A /* Supporting Files */,
			);
			path = UsersAula;
			sourceTree = "<group>";
		};
		497CA33E1B13BCDB001E053A /* Supporting Files */ = {
			isa = PBXGroup;
			children = (
				497CA33F1B13BCDB001E053A /* Info.plist */,
			);
			name = "Supporting Files";
			sourceTree = "<group>";
		};
		497CA3531B13BCDB001E053A /* UsersAulaTests */ = {
			isa = PBXGroup;
			children = (
				497CA3561B13BCDB001E053A /* UsersAulaTests.swift */,
				497CA3541B13BCDB001E053A /* Supporting Files */,
			);
			path = UsersAulaTests;
			sourceTree = "<group>";
		};
		497CA3541B13BCDB001E053A /* Supporting Files */ = {
			isa = PBXGroup;
			children = (
				497CA3551B13BCDB001E053A /* Info.plist */,
			);
			name = "Supporting Files";
			sourceTree = "<group>";
		};
/* End PBXGroup section */

/* Begin PBXNativeTarget section */
		497CA33A1B13BCDB001E053A /* UsersAula */ = {
			isa = PBXNativeTarget;
			buildConfigurationList = 497CA35A1B13BCDB001E053A /* Build configuration list for PBXNativeTarget "UsersAula" */;
			buildPhases = (
				497CA3371B13BCDB001E053A /* Sources */,
				497CA3381B13BCDB001E053A /* Frameworks */,
				497CA3391B13BCDB001E053A /* Resources */,
			);
			buildRules = (
			);
			dependencies = (
			);
			name = UsersAula;
			productName = UsersAula;
			productReference = 497CA33B1B13BCDB001E053A /* UsersAula.app */;
			productType = "com.apple.product-type.application";
		};
		497CA34F1B13BCDB001E053A /* UsersAulaTests */ = {
			isa = PBXNativeTarget;
			buildConfigurationList = 497CA35D1B13BCDB001E053A /* Build configuration list for PBXNativeTarget "UsersAulaTests" */;
			buildPhases = (
				497CA34C1B13BCDB001E053A /* Sources */,
				497CA34D1B13BCDB001E053A /* Frameworks */,
				497CA34E1B13BCDB001E053A /* Resources */,
			);
			buildRules = (
			);
			dependencies = (
				497CA3521B13BCDB001E053A /* PBXTargetDependency */,
			);
			name = UsersAulaTests;
			productName = UsersAulaTests;
			productReference = 497CA3501B13BCDB001E053A /* UsersAulaTests.xctest */;
			productType = "com.apple.product-type.bundle.unit-test";
		};
/* End PBXNativeTarget section */

/* Begin PBXProject section */
		497CA3331B13BCDB001E053A /* Project object */ = {
			isa = PBXProject;
			attributes = {
				LastUpgradeCheck = 0630;
				ORGANIZATIONNAME = Xiobit;
				TargetAttributes = {
					497CA33A1B13BCDB001E053A = {
						CreatedOnToolsVersion = 6.3.1;
					};
					497CA34F1B13BCDB001E053A = {
						CreatedOnToolsVersion = 6.3.1;
						TestTargetID = 497CA33A1B13BCDB001E053A;
					};
				};
			};
			buildConfigurationList = 497CA3361B13BCDB001E053A /* Build configuration list for PBXProject "UsersAula" */;
			compatibilityVersion = "Xcode 3.2";
			developmentRegion = English;
			hasScannedForEncodings = 0;
			knownRegions = (
				en,
				Base,
			);
			mainGroup = 497CA3321B13BCDB001E053A;
			productRefGroup = 497CA33C1B13BCDB001E053A /* Products */;
			projectDirPath = "";
			projectRoot = "";
			targets = (
				497CA33A1B13BCDB001E053A /* UsersAula */,
				497CA34F1B13BCDB001E053A /* UsersAulaTests */,
			);
		};
/* End PBXProject section */

/* Begin PBXResourcesBuildPhase section */
		497CA3391B13BCDB001E053A /* Resources */ = {
			isa = PBXResourcesBuildPhase;
			buildActionMask = 2147483647;
			files = (
				497CA3461B13BCDB001E053A /* Main.storyboard in Resources */,
				497CA34B1B13BCDB001E053A /* LaunchScreen.xib in Resources */,
				497CA3481B13BCDB001E053A /* Images.xcassets in Resources */,
			);
			runOnlyForDeploymentPostprocessing = 0;
		};
		497CA34E1B13BCDB001E053A /* Resources */ = {
			isa = PBXResourcesBuildPhase;
			buildActionMask = 2147483647;
			files = (
			);
			runOnlyForDeploymentPostprocessing = 0;
		};
/* End PBXResourcesBuildPhase section */

/* Begin PBXSourcesBuildPhase section */
		497CA3371B13BCDB001E053A /* Sources */ = {
			isa = PBXSourcesBuildPhase;
			buildActionMask = 2147483647;
			files = (
				497CA3431B13BCDB001E053A /* ViewController.swift in Sources */,
				497CA3411B13BCDB001E053A /* AppDelegate.swift in Sources */,
			);
			runOnlyForDeploymentPostprocessing = 0;
		};
		497CA34C1B13BCDB001E053A /* Sources */ = {
			isa = PBXSourcesBuildPhase;
			buildActionMask = 2147483647;
			files = (
				497CA3571B13BCDB001E053A /* UsersAulaTests.swift in Sources */,
			);
			runOnlyForDeploymentPostprocessing = 0;
		};
/* End PBXSourcesBuildPhase section */

/* Begin PBXTargetDependency section */
		497CA3521B13BCDB001E053A /* PBXTargetDependency */ = {
			isa = PBXTargetDependency;
			target = 497CA33A1B13BCDB001E053A /* UsersAula */;
			targetProxy = 497CA3511B13BCDB001E053A /* PBXContainerItemProxy */;
		};
/* End PBXTargetDependency section */

/* Begin PBXVariantGroup section */
		497CA3441B13BCDB001E053A /* Main.storyboard */ = {
			isa = PBXVariantGroup;
			children = (
				497CA3451B13BCDB001E053A /* Base */,
			);
			name = Main.storyboard;
			sourceTree = "<group>";
		};
		497CA3491B13BCDB001E053A /* LaunchScreen.xib */ = {
			isa = PBXVariantGroup;
			children = (
				497CA34A1B13BCDB001E053A /* Base */,
			);
			name = LaunchScreen.xib;
			sourceTree = "<group>";
		};
/* End PBXVariantGroup section */

/* Begin XCBuildConfiguration section */
		497CA3581B13BCDB001E053A /* Debug */ = {
			isa = XCBuildConfiguration;
			buildSettings = {
				ALWAYS_SEARCH_USER_PATHS = NO;
				CLANG_CXX_LANGUAGE_STANDARD = "gnu++0x";
				CLANG_CXX_LIBRARY = "libc++";
				CLANG_ENABLE_MODULES = YES;
				CLANG_ENABLE_OBJC_ARC = YES;
				CLANG_WARN_BOOL_CONVERSION = YES;
				CLANG_WARN_CONSTANT_CONVERSION = YES;
				CLANG_WARN_DIRECT_OBJC_ISA_USAGE = YES_ERROR;
				CLANG_WARN_EMPTY_BODY = YES;
				CLANG_WARN_ENUM_CONVERSION = YES;
				CLANG_WARN_INT_CONVERSION = YES;
				CLANG_WARN_OBJC_ROOT_CLASS = YES_ERROR;
				CLANG_WARN_UNREACHABLE_CODE = YES;
				CLANG_WARN__DUPLICATE_METHOD_MATCH = YES;
				"CODE_SIGN_IDENTITY[sdk=iphoneos*]" = "iPhone Developer";
				COPY_PHASE_STRIP = NO;
				DEBUG_INFORMATION_FORMAT = "dwarf-with-dsym";
				ENABLE_STRICT_OBJC_MSGSEND = YES;
				GCC_C_LANGUAGE_STANDARD = gnu99;
				GCC_DYNAMIC_NO_PIC = NO;
				GCC_NO_COMMON_BLOCKS = YES;
				GCC_OPTIMIZATION_LEVEL = 0;
				GCC_PREPROCESSOR_DEFINITIONS = (
					"DEBUG=1",
					"$(inherited)",
				);
				GCC_SYMBOLS_PRIVATE_EXTERN = NO;
				GCC_WARN_64_TO_32_BIT_CONVERSION = YES;
				GCC_WARN_ABOUT_RETURN_TYPE = YES_ERROR;
				GCC_WARN_UNDECLARED_SELECTOR = YES;
				GCC_WARN_UNINITIALIZED_AUTOS = YES_AGGRESSIVE;
				GCC_WARN_UNUSED_FUNCTION = YES;
				GCC_WARN_UNUSED_VARIABLE = YES;
				IPHONEOS_DEPLOYMENT_TARGET = 8.3;
				MTL_ENABLE_DEBUG_INFO = YES;
				ONLY_ACTIVE_ARCH = YES;
				SDKROOT = iphoneos;
				SWIFT_OPTIMIZATION_LEVEL = "-Onone";
			};
			name = Debug;
		};
		497CA3591B13BCDB001E053A /* Release */ = {
			isa = XCBuildConfiguration;
			buildSettings = {
				ALWAYS_SEARCH_USER_PATHS = NO;
				CLANG_CXX_LANGUAGE_STANDARD = "gnu++0x";
				CLANG_CXX_LIBRARY = "libc++";
				CLANG_ENABLE_MODULES = YES;
				CLANG_ENABLE_OBJC_ARC = YES;
				CLANG_WARN_BOOL_CONVERSION = YES;
				CLANG_WARN_CONSTANT_CONVERSION = YES;
				CLANG_WARN_DIRECT_OBJC_ISA_USAGE = YES_ERROR;
				CLANG_WARN_EMPTY_BODY = YES;
				CLANG_WARN_ENUM_CONVERSION = YES;
				CLANG_WARN_INT_CONVERSION = YES;
				CLANG_WARN_OBJC_ROOT_CLASS = YES_ERROR;
				CLANG_WARN_UNREACHABLE_CODE = YES;
				CLANG_WARN__DUPLICATE_METHOD_MATCH = YES;
				"CODE_SIGN_IDENTITY[sdk=iphoneos*]" = "iPhone Developer";
				COPY_PHASE_STRIP = NO;
				DEBUG_INFORMATION_FORMAT = "dwarf-with-dsym";
				ENABLE_NS_ASSERTIONS = NO;
				ENABLE_STRICT_OBJC_MSGSEND = YES;
				GCC_C_LANGUAGE_STANDARD = gnu99;
				GCC_NO_COMMON_BLOCKS = YES;
				GCC_WARN_64_TO_32_BIT_CONVERSION = YES;
				GCC_WARN_ABOUT_RETURN_TYPE = YES_ERROR;
				GCC_WARN_UNDECLARED_SELECTOR = YES;
				GCC_WARN_UNINITIALIZED_AUTOS = YES_AGGRESSIVE;
				GCC_WARN_UNUSED_FUNCTION = YES;
				GCC_WARN_UNUSED_VARIABLE = YES;
				IPHONEOS_DEPLOYMENT_TARGET = 8.3;
				MTL_ENABLE_DEBUG_INFO = NO;
				SDKROOT = iphoneos;
				VALIDATE_PRODUCT = YES;
			};
			name = Release;
		};
		497CA35B1B13BCDB001E053A /* Debug */ = {
			isa = XCBuildConfiguration;
			buildSettings = {
				ASSETCATALOG_COMPILER_APPICON_NAME = AppIcon;
				INFOPLIST_FILE = UsersAula/Info.plist;
				LD_RUNPATH_SEARCH_PATHS = "$(inherited) @executable_path/Frameworks";
				PRODUCT_NAME = "$(TARGET_NAME)";
			};
			name = Debug;
		};
		497CA35C1B13BCDB001E053A /* Release */ = {
			isa = XCBuildConfiguration;
			buildSettings = {
				ASSETCATALOG_COMPILER_APPICON_NAME = AppIcon;
				INFOPLIST_FILE = UsersAula/Info.plist;
				LD_RUNPATH_SEARCH_PATHS = "$(inherited) @executable_path/Frameworks";
				PRODUCT_NAME = "$(TARGET_NAME)";
			};
			name = Release;
		};
		497CA35E1B13BCDB001E053A /* Debug */ = {
			isa = XCBuildConfiguration;
			buildSettings = {
				BUNDLE_LOADER = "$(TEST_HOST)";
				FRAMEWORK_SEARCH_PATHS = (
					"$(SDKROOT)/Developer/Library/Frameworks",
					"$(inherited)",
				);
				GCC_PREPROCESSOR_DEFINITIONS = (
					"DEBUG=1",
					"$(inherited)",
				);
				INFOPLIST_FILE = UsersAulaTests/Info.plist;
				LD_RUNPATH_SEARCH_PATHS = "$(inherited) @executable_path/Frameworks @loader_path/Frameworks";
				PRODUCT_NAME = "$(TARGET_NAME)";
				TEST_HOST = "$(BUILT_PRODUCTS_DIR)/UsersAula.app/UsersAula";
			};
			name = Debug;
		};
		497CA35F1B13BCDB001E053A /* Release */ = {
			isa = XCBuildConfiguration;
			buildSettings = {
				BUNDLE_LOADER = "$(TEST_HOST)";
				FRAMEWORK_SEARCH_PATHS = (
					"$(SDKROOT)/Developer/Library/Frameworks",
					"$(inherited)",
				);
				INFOPLIST_FILE = UsersAulaTests/Info.plist;
				LD_RUNPATH_SEARCH_PATHS = "$(inherited) @executable_path/Frameworks @loader_path/Frameworks";
				PRODUCT_NAME = "$(TARGET_NAME)";
				TEST_HOST = "$(BUILT_PRODUCTS_DIR)/UsersAula.app/UsersAula";
			};
			name = Release;
		};
/* End XCBuildConfiguration section */

/* Begin XCConfigurationList section */
		497CA3361B13BCDB001E053A /* Build configuration list for PBXProject "UsersAula" */ = {
			isa = XCConfigurationList;
			buildConfigurations = (
				497CA3581B13BCDB001E053A /* Debug */,
				497CA3591B13BCDB001E053A /* Release */,
			);
			defaultConfigurationIsVisible = 0;
			defaultConfigurationName = Release;
		};
		497CA35A1B13BCDB001E053A /* Build configuration list for PBXNativeTarget "UsersAula" */ = {
			isa = XCConfigurationList;
			buildConfigurations = (
				497CA35B1B13BCDB001E053A /* Debug */,
				497CA35C1B13BCDB001E053A /* Release */,
			);
			defaultConfigurationIsVisible = 0;
		};
		497CA35D1B13BCDB001E053A /* Build configuration list for PBXNativeTarget "UsersAulaTests" */ = {
			isa = XCConfigurationList;
			buildConfigurations = (
				497CA35E1B13BCDB001E053A /* Debug */,
				497CA35F1B13BCDB001E053A /* Release */,
			);
			defaultConfigurationIsVisible = 0;
		};
/* End XCConfigurationList section */
	};
	rootObject = 497CA3331B13BCDB001E053A /* Project object */;
}
